
Microsoft Visual Studio Solution File, Format Version 12.00
# Visual Studio Version 17
VisualStudioVersion = 17.14.36616.10 d17.14
MinimumVisualStudioVersion = 10.0.40219.1
Project("{FAE04EC0-301F-11D3-BF4B-00C04F79EFBC}") = "PolicyNotesService.Tests", "PolicyNotesService.Tests.csproj", "{43557653-8880-234E-6A7E-50BB7D033EC6}"
EndProject
Project("{FAE04EC0-301F-11D3-BF4B-00C04F79EFBC}") = "PolicyNotesService", "..\PolicyNotesService\PolicyNotesService.csproj", "{003C9636-E542-95FC-006A-7F44B1DE0FD1}"
EndProject
Global
	GlobalSection(SolutionConfigurationPlatforms) = preSolution
		Debug|Any CPU = Debug|Any CPU
		Release|Any CPU = Release|Any CPU
	EndGlobalSection
	GlobalSection(ProjectConfigurationPlatforms) = postSolution
		{43557653-8880-234E-6A7E-50BB7D033EC6}.Debug|Any CPU.ActiveCfg = Debug|Any CPU
		{43557653-8880-234E-6A7E-50BB7D033EC6}.Debug|Any CPU.Build.0 = Debug|Any CPU
		{43557653-8880-234E-6A7E-50BB7D033EC6}.Release|Any CPU.ActiveCfg = Release|Any CPU
		{43557653-8880-234E-6A7E-50BB7D033EC6}.Release|Any CPU.Build.0 = Release|Any CPU
		{003C9636-E542-95FC-006A-7F44B1DE0FD1}.Debug|Any CPU.ActiveCfg = Debug|Any CPU
		{003C9636-E542-95FC-006A-7F44B1DE0FD1}.Debug|Any CPU.Build.0 = Debug|Any CPU
		{003C9636-E542-95FC-006A-7F44B1DE0FD1}.Release|Any CPU.ActiveCfg = Release|Any CPU
		{003C9636-E542-95FC-006A-7F44B1DE0FD1}.Release|Any CPU.Build.0 = Release|Any CPU
	EndGlobalSection
	GlobalSection(SolutionProperties) = preSolution
		HideSolutionNode = FALSE
	EndGlobalSection
	GlobalSection(ExtensibilityGlobals) = postSolution
		SolutionGuid = {A769AA95-DB41-426D-9536-715583B024F3}
	EndGlobalSection
EndGlobal
